
Microsoft Visual Studio Solution File, Format Version 12.00
# Visual Studio 15
VisualStudioVersion = 15.0.27703.2035
MinimumVisualStudioVersion = 10.0.40219.1
Project("{FAE04EC0-301F-11D3-BF4B-00C04F79EFBC}") = "Practice", "Practice\Practice.csproj", "{DB9553F2-511C-414B-85BC-73683569CFBE}"
EndProject
Global
	GlobalSection(SolutionConfigurationPlatforms) = preSolution
		Debug|Any CPU = Debug|Any CPU
		Release|Any CPU = Release|Any CPU
	EndGlobalSection
	GlobalSection(ProjectConfigurationPlatforms) = postSolution
		{DB9553F2-511C-414B-85BC-73683569CFBE}.Debug|Any CPU.ActiveCfg = Debug|Any CPU
		{DB9553F2-511C-414B-85BC-73683569CFBE}.Debug|Any CPU.Build.0 = Debug|Any CPU
		{DB9553F2-511C-414B-85BC-73683569CFBE}.Release|Any CPU.ActiveCfg = Release|Any CPU
		{DB9553F2-511C-414B-85BC-73683569CFBE}.Release|Any CPU.Build.0 = Release|Any CPU
	EndGlobalSection
	GlobalSection(SolutionProperties) = preSolution
		HideSolutionNode = FALSE
	EndGlobalSection
	GlobalSection(ExtensibilityGlobals) = postSolution
		SolutionGuid = {96451489-B71D-4BB1-A01C-C38397D79920}
	EndGlobalSection
EndGlobal
